
Microsoft Visual Studio Solution File, Format Version 12.00
# Visual Studio Version 17
VisualStudioVersion = 17.1.32414.318
MinimumVisualStudioVersion = 10.0.40219.1
Project("{9A19103F-16F7-4668-BE54-9A1E7A4F7556}") = "001_Classes", "001_Classes\001_Classes.csproj", "{D18297EC-957A-48A7-9DFB-54F3FCA965B9}"
EndProject
Project("{9A19103F-16F7-4668-BE54-9A1E7A4F7556}") = "002_Properties", "002_Properties\002_Properties.csproj", "{196EDC61-7400-44FA-92AD-A0F9B9F7F63A}"
EndProject
Project("{9A19103F-16F7-4668-BE54-9A1E7A4F7556}") = "003_Properties", "003_Properties\003_Properties.csproj", "{CE32A917-DC11-4025-A532-5986B3868AD4}"
EndProject
Project("{9A19103F-16F7-4668-BE54-9A1E7A4F7556}") = "004_Properties", "004_Properties\004_Properties.csproj", "{96D33ECC-00D0-48BB-9E28-595CF1B5CAFF}"
EndProject
Project("{FAE04EC0-301F-11D3-BF4B-00C04F79EFBC}") = "005_Properties", "005_Properties\005_Properties.csproj", "{2AE1F69C-AC43-47A9-8FDF-4B8FAB68D450}"
EndProject
Project("{FAE04EC0-301F-11D3-BF4B-00C04F79EFBC}") = "006_Constructors", "006_Constructors\006_Constructors.csproj", "{A136CE22-5621-4F41-BCDE-47B61B35479F}"
EndProject
Project("{FAE04EC0-301F-11D3-BF4B-00C04F79EFBC}") = "007_Constructors", "007_Constructors\007_Constructors.csproj", "{89555243-1023-409D-8EAD-EB1ED11F2AA0}"
EndProject
Project("{FAE04EC0-301F-11D3-BF4B-00C04F79EFBC}") = "008_Constructors", "008_Constructors\008_Constructors.csproj", "{D5C4851F-5AFF-4215-B3EC-8BC8B624598F}"
EndProject
Global
	GlobalSection(SolutionConfigurationPlatforms) = preSolution
		Debug|Any CPU = Debug|Any CPU
		Release|Any CPU = Release|Any CPU
	EndGlobalSection
	GlobalSection(ProjectConfigurationPlatforms) = postSolution
		{D18297EC-957A-48A7-9DFB-54F3FCA965B9}.Debug|Any CPU.ActiveCfg = Debug|Any CPU
		{D18297EC-957A-48A7-9DFB-54F3FCA965B9}.Debug|Any CPU.Build.0 = Debug|Any CPU
		{D18297EC-957A-48A7-9DFB-54F3FCA965B9}.Release|Any CPU.ActiveCfg = Release|Any CPU
		{D18297EC-957A-48A7-9DFB-54F3FCA965B9}.Release|Any CPU.Build.0 = Release|Any CPU
		{196EDC61-7400-44FA-92AD-A0F9B9F7F63A}.Debug|Any CPU.ActiveCfg = Debug|Any CPU
		{196EDC61-7400-44FA-92AD-A0F9B9F7F63A}.Debug|Any CPU.Build.0 = Debug|Any CPU
		{196EDC61-7400-44FA-92AD-A0F9B9F7F63A}.Release|Any CPU.ActiveCfg = Release|Any CPU
		{196EDC61-7400-44FA-92AD-A0F9B9F7F63A}.Release|Any CPU.Build.0 = Release|Any CPU
		{CE32A917-DC11-4025-A532-5986B3868AD4}.Debug|Any CPU.ActiveCfg = Debug|Any CPU
		{CE32A917-DC11-4025-A532-5986B3868AD4}.Debug|Any CPU.Build.0 = Debug|Any CPU
		{CE32A917-DC11-4025-A532-5986B3868AD4}.Release|Any CPU.ActiveCfg = Release|Any CPU
		{CE32A917-DC11-4025-A532-5986B3868AD4}.Release|Any CPU.Build.0 = Release|Any CPU
		{96D33ECC-00D0-48BB-9E28-595CF1B5CAFF}.Debug|Any CPU.ActiveCfg = Debug|Any CPU
		{96D33ECC-00D0-48BB-9E28-595CF1B5CAFF}.Debug|Any CPU.Build.0 = Debug|Any CPU
		{96D33ECC-00D0-48BB-9E28-595CF1B5CAFF}.Release|Any CPU.ActiveCfg = Release|Any CPU
		{96D33ECC-00D0-48BB-9E28-595CF1B5CAFF}.Release|Any CPU.Build.0 = Release|Any CPU
		{2AE1F69C-AC43-47A9-8FDF-4B8FAB68D450}.Debug|Any CPU.ActiveCfg = Debug|Any CPU
		{2AE1F69C-AC43-47A9-8FDF-4B8FAB68D450}.Debug|Any CPU.Build.0 = Debug|Any CPU
		{2AE1F69C-AC43-47A9-8FDF-4B8FAB68D450}.Release|Any CPU.ActiveCfg = Release|Any CPU
		{2AE1F69C-AC43-47A9-8FDF-4B8FAB68D450}.Release|Any CPU.Build.0 = Release|Any CPU
		{A136CE22-5621-4F41-BCDE-47B61B35479F}.Debug|Any CPU.ActiveCfg = Debug|Any CPU
		{A136CE22-5621-4F41-BCDE-47B61B35479F}.Debug|Any CPU.Build.0 = Debug|Any CPU
		{A136CE22-5621-4F41-BCDE-47B61B35479F}.Release|Any CPU.ActiveCfg = Release|Any CPU
		{A136CE22-5621-4F41-BCDE-47B61B35479F}.Release|Any CPU.Build.0 = Release|Any CPU
		{89555243-1023-409D-8EAD-EB1ED11F2AA0}.Debug|Any CPU.ActiveCfg = Debug|Any CPU
		{89555243-1023-409D-8EAD-EB1ED11F2AA0}.Debug|Any CPU.Build.0 = Debug|Any CPU
		{89555243-1023-409D-8EAD-EB1ED11F2AA0}.Release|Any CPU.ActiveCfg = Release|Any CPU
		{89555243-1023-409D-8EAD-EB1ED11F2AA0}.Release|Any CPU.Build.0 = Release|Any CPU
		{D5C4851F-5AFF-4215-B3EC-8BC8B624598F}.Debug|Any CPU.ActiveCfg = Debug|Any CPU
		{D5C4851F-5AFF-4215-B3EC-8BC8B624598F}.Debug|Any CPU.Build.0 = Debug|Any CPU
		{D5C4851F-5AFF-4215-B3EC-8BC8B624598F}.Release|Any CPU.ActiveCfg = Release|Any CPU
		{D5C4851F-5AFF-4215-B3EC-8BC8B624598F}.Release|Any CPU.Build.0 = Release|Any CPU
	EndGlobalSection
	GlobalSection(SolutionProperties) = preSolution
		HideSolutionNode = FALSE
	EndGlobalSection
	GlobalSection(ExtensibilityGlobals) = postSolution
		SolutionGuid = {76F77FA2-646F-4A16-AE40-2A85A2569477}
	EndGlobalSection
EndGlobal
